
Microsoft Visual Studio Solution File, Format Version 12.00
# Visual Studio Version 17
VisualStudioVersion = 17.5.33530.505
MinimumVisualStudioVersion = 10.0.40219.1
Project("{FAE04EC0-301F-11D3-BF4B-00C04F79EFBC}") = "NBCamp_TextRPG", "NBCamp_TextRPG.csproj", "{BDB1C48E-C71B-4DCD-91DE-015C325D5399}"
EndProject
Global
	GlobalSection(SolutionConfigurationPlatforms) = preSolution
		Debug|Any CPU = Debug|Any CPU
		Release|Any CPU = Release|Any CPU
	EndGlobalSection
	GlobalSection(ProjectConfigurationPlatforms) = postSolution
		{BDB1C48E-C71B-4DCD-91DE-015C325D5399}.Debug|Any CPU.ActiveCfg = Debug|Any CPU
		{BDB1C48E-C71B-4DCD-91DE-015C325D5399}.Debug|Any CPU.Build.0 = Debug|Any CPU
		{BDB1C48E-C71B-4DCD-91DE-015C325D5399}.Release|Any CPU.ActiveCfg = Release|Any CPU
		{BDB1C48E-C71B-4DCD-91DE-015C325D5399}.Release|Any CPU.Build.0 = Release|Any CPU
	EndGlobalSection
	GlobalSection(SolutionProperties) = preSolution
		HideSolutionNode = FALSE
	EndGlobalSection
	GlobalSection(ExtensibilityGlobals) = postSolution
		SolutionGuid = {C592E65A-611F-4EA3-803F-E9DE7C693E2C}
	EndGlobalSection
EndGlobal
